
Microsoft Visual Studio Solution File, Format Version 12.00
# Visual Studio Version 16
VisualStudioVersion = 16.0.30717.126
MinimumVisualStudioVersion = 10.0.40219.1
Project("{FAE04EC0-301F-11D3-BF4B-00C04F79EFBC}") = "BindTimer", "WpfApp1\BindTimer.csproj", "{C4B9E7CC-8FA8-453E-932A-0558C003CA90}"
EndProject
Global
	GlobalSection(SolutionConfigurationPlatforms) = preSolution
		Debug|Any CPU = Debug|Any CPU
		Release|Any CPU = Release|Any CPU
	EndGlobalSection
	GlobalSection(ProjectConfigurationPlatforms) = postSolution
		{C4B9E7CC-8FA8-453E-932A-0558C003CA90}.Debug|Any CPU.ActiveCfg = Debug|Any CPU
		{C4B9E7CC-8FA8-453E-932A-0558C003CA90}.Debug|Any CPU.Build.0 = Debug|Any CPU
		{C4B9E7CC-8FA8-453E-932A-0558C003CA90}.Release|Any CPU.ActiveCfg = Release|Any CPU
		{C4B9E7CC-8FA8-453E-932A-0558C003CA90}.Release|Any CPU.Build.0 = Release|Any CPU
	EndGlobalSection
	GlobalSection(SolutionProperties) = preSolution
		HideSolutionNode = FALSE
	EndGlobalSection
	GlobalSection(ExtensibilityGlobals) = postSolution
		SolutionGuid = {8AC7BC22-CD9A-4BFD-BF68-8620FCB7B9E7}
	EndGlobalSection
EndGlobal
